{
  "version": "5",
  "specifiers": {
    "jsr:@std/path@*": "1.0.8",
    "jsr:@std/path@^1.0.6": "1.0.8",
    "npm:@preact/signals@*": "2.8.1_preact@10.25.4",
    "npm:@preact/signals@^2.8.1": "2.8.1_preact@10.25.4",
    "npm:preact@^10.24.0": "10.25.4"
  },
  "jsr": {
    "@std/path@1.0.8": {
      "integrity": "548fa456bb6a04d3c1a1e7477986b6cffbce95102d0bb447c67c4ee70e0364be"
    }
  },
  "npm": {
    "@preact/signals-core@1.13.0": {
      "integrity": "sha512-slT6XeTCAbdql61GVLlGU4x7XHI7kCZV5Um5uhE4zLX4ApgiiXc0UYFvVOKq06xcovzp7p+61l68oPi563ARKg=="
    },
    "@preact/signals@2.8.1_preact@10.25.4": {
      "integrity": "sha512-wX6U0SpcCukZTJBs5ChljvBZb3XmYzA5gd4vKHgX8wZZKaQCo2WHtmThdLx+mcVvlBa5u3XShC7ffbETJD4BiQ==",
      "dependencies": [
        "@preact/signals-core",
        "preact"
      ]
    },
    "preact@10.25.4": {
      "integrity": "sha512-jLdZDb+Q+odkHJ+MpW/9U5cODzqnB+fy2EiHSZES7ldV5LK7yjlVzTp7R8Xy6W6y75kfK8iWYtFVH7lvjwrCMA=="
    }
  },
  "redirects": {
    "https://esm.sh/preact": "https://esm.sh/preact@10.28.4"
  },
  "remote": {
    "https://esm.sh/preact@10.25.4/denonext/preact.mjs": "5b19c5a3daab9e9f4f4bed775afbb84dd4de2b8cc670ee332f5458c53a6a2d45",
    "https://esm.sh/preact@10.28.4": "9a618822af737bc0671203573f220d47e5509af8c5436618ab80786a6a2e8885",
    "https://esm.sh/preact@10.28.4/denonext/preact.mjs": "9c2baa341b0d2e3fb66d2a7d9b06eab2c48ac27a1071af7b927858ed979f9e16"
  },
  "workspace": {
    "dependencies": [
      "jsr:@std/path@^1.0.6",
      "npm:@preact/signals@^2.8.1",
      "npm:preact@^10.24.0"
    ],
    "links": {
      "jsr:linked": {}
    }
  }
}
